
Microsoft Visual Studio Solution File, Format Version 12.00
# Visual Studio Version 17
VisualStudioVersion = 17.2.32630.192
MinimumVisualStudioVersion = 10.0.40219.1
Project("{8BC9CEB8-8B4A-11D0-8D11-00A0C91BC942}") = "ParaBrowser", "ParaBrowser\ParaBrowser.vcxproj", "{05322C45-C437-480A-88E0-CB219BC13DE8}"
EndProject
Project("{8BC9CEB8-8B4A-11D0-8D11-00A0C91BC942}") = "ParaLib", "ParaLib\ParaLib.vcxproj", "{F28937BE-4732-4009-980D-F47991964C1C}"
EndProject
Project("{8BC9CEB8-8B4A-11D0-8D11-00A0C91BC942}") = "DllEventHorizon", "DllEventHorizon\DllEventHorizon.vcxproj", "{A4C00636-C454-4521-8A7B-F747932159D1}"
EndProject
Global
	GlobalSection(SolutionConfigurationPlatforms) = preSolution
		Debug|x64 = Debug|x64
		Debug|x86 = Debug|x86
		Release|x64 = Release|x64
		Release|x86 = Release|x86
	EndGlobalSection
	GlobalSection(ProjectConfigurationPlatforms) = postSolution
		{05322C45-C437-480A-88E0-CB219BC13DE8}.Debug|x64.ActiveCfg = Debug|x64
		{05322C45-C437-480A-88E0-CB219BC13DE8}.Debug|x64.Build.0 = Debug|x64
		{05322C45-C437-480A-88E0-CB219BC13DE8}.Debug|x86.ActiveCfg = Debug|x64
		{05322C45-C437-480A-88E0-CB219BC13DE8}.Debug|x86.Build.0 = Debug|x64
		{05322C45-C437-480A-88E0-CB219BC13DE8}.Release|x64.ActiveCfg = Release|x64
		{05322C45-C437-480A-88E0-CB219BC13DE8}.Release|x64.Build.0 = Release|x64
		{05322C45-C437-480A-88E0-CB219BC13DE8}.Release|x86.ActiveCfg = Release|x64
		{05322C45-C437-480A-88E0-CB219BC13DE8}.Release|x86.Build.0 = Release|x64
		{F28937BE-4732-4009-980D-F47991964C1C}.Debug|x64.ActiveCfg = Debug|x64
		{F28937BE-4732-4009-980D-F47991964C1C}.Debug|x64.Build.0 = Debug|x64
		{F28937BE-4732-4009-980D-F47991964C1C}.Debug|x86.ActiveCfg = Debug|x64
		{F28937BE-4732-4009-980D-F47991964C1C}.Debug|x86.Build.0 = Debug|x64
		{F28937BE-4732-4009-980D-F47991964C1C}.Release|x64.ActiveCfg = Release|x64
		{F28937BE-4732-4009-980D-F47991964C1C}.Release|x64.Build.0 = Release|x64
		{F28937BE-4732-4009-980D-F47991964C1C}.Release|x86.ActiveCfg = Release|x64
		{F28937BE-4732-4009-980D-F47991964C1C}.Release|x86.Build.0 = Release|x64
		{A4C00636-C454-4521-8A7B-F747932159D1}.Debug|x64.ActiveCfg = Debug|x64
		{A4C00636-C454-4521-8A7B-F747932159D1}.Debug|x64.Build.0 = Debug|x64
		{A4C00636-C454-4521-8A7B-F747932159D1}.Debug|x86.ActiveCfg = Debug|Win32
		{A4C00636-C454-4521-8A7B-F747932159D1}.Debug|x86.Build.0 = Debug|Win32
		{A4C00636-C454-4521-8A7B-F747932159D1}.Release|x64.ActiveCfg = Release|x64
		{A4C00636-C454-4521-8A7B-F747932159D1}.Release|x64.Build.0 = Release|x64
		{A4C00636-C454-4521-8A7B-F747932159D1}.Release|x86.ActiveCfg = Release|Win32
		{A4C00636-C454-4521-8A7B-F747932159D1}.Release|x86.Build.0 = Release|Win32
	EndGlobalSection
	GlobalSection(SolutionProperties) = preSolution
		HideSolutionNode = FALSE
	EndGlobalSection
	GlobalSection(ExtensibilityGlobals) = postSolution
		SolutionGuid = {131ADF3D-23E1-40D2-B780-BDF532EF399F}
	EndGlobalSection
EndGlobal
